
Microsoft Visual Studio Solution File, Format Version 12.00
# Visual Studio Version 17
VisualStudioVersion = 17.5.33414.496
MinimumVisualStudioVersion = 10.0.40219.1
Project("{9A19103F-16F7-4668-BE54-9A1E7A4F7556}") = "Locacao_imoveis", "Locacao_imoveis.csproj", "{D968EFD1-C753-4E74-8070-10B1467F5CD3}"
EndProject
Project("{2150E333-8FDC-42A3-9474-1A3956D46DE8}") = "NewFolder1", "NewFolder1", "{67F5E9CC-4C84-4434-B8D1-10C74EFCEEED}"
EndProject
Global
	GlobalSection(SolutionConfigurationPlatforms) = preSolution
		Debug|Any CPU = Debug|Any CPU
		Release|Any CPU = Release|Any CPU
	EndGlobalSection
	GlobalSection(ProjectConfigurationPlatforms) = postSolution
		{D968EFD1-C753-4E74-8070-10B1467F5CD3}.Debug|Any CPU.ActiveCfg = Debug|Any CPU
		{D968EFD1-C753-4E74-8070-10B1467F5CD3}.Debug|Any CPU.Build.0 = Debug|Any CPU
		{D968EFD1-C753-4E74-8070-10B1467F5CD3}.Release|Any CPU.ActiveCfg = Release|Any CPU
		{D968EFD1-C753-4E74-8070-10B1467F5CD3}.Release|Any CPU.Build.0 = Release|Any CPU
	EndGlobalSection
	GlobalSection(SolutionProperties) = preSolution
		HideSolutionNode = FALSE
	EndGlobalSection
	GlobalSection(ExtensibilityGlobals) = postSolution
		SolutionGuid = {C0F3B3EF-3AAA-49C2-A6CF-761B92C76638}
	EndGlobalSection
EndGlobal
